// !$*UTF8*$!
{
	archiveVersion = 1;
	classes = {
	};
	objectVersion = 50;
	objects = {

/* Begin PBXBuildFile section */
		FA5517692398587F00050202 /* DetailViewControllerTest.swift in Sources */ = {isa = PBXBuildFile; fileRef = FA5517682398587F00050202 /* DetailViewControllerTest.swift */; };
		FA55176B2398590D00050202 /* DetailViewController.swift in Sources */ = {isa = PBXBuildFile; fileRef = FA55176A2398590D00050202 /* DetailViewController.swift */; };
		FA55176D23986BC900050202 /* NewTaskViewControllerTests.swift in Sources */ = {isa = PBXBuildFile; fileRef = FA55176C23986BC900050202 /* NewTaskViewControllerTests.swift */; };
		FA55176F23986C6200050202 /* NewTaskViewController.swift in Sources */ = {isa = PBXBuildFile; fileRef = FA55176E23986C6200050202 /* NewTaskViewController.swift */; };
		FA55177123992FB900050202 /* APIClientTests.swift in Sources */ = {isa = PBXBuildFile; fileRef = FA55177023992FB900050202 /* APIClientTests.swift */; };
		FA5517732399373300050202 /* APIClient.swift in Sources */ = {isa = PBXBuildFile; fileRef = FA5517722399373300050202 /* APIClient.swift */; };
		FA55177623999CA200050202 /* String + Extensions.swift in Sources */ = {isa = PBXBuildFile; fileRef = FA55177523999CA200050202 /* String + Extensions.swift */; };
		FA8E80562396528F00793CBA /* AppDelegate.swift in Sources */ = {isa = PBXBuildFile; fileRef = FA8E80552396528F00793CBA /* AppDelegate.swift */; };
		FA8E80582396528F00793CBA /* SceneDelegate.swift in Sources */ = {isa = PBXBuildFile; fileRef = FA8E80572396528F00793CBA /* SceneDelegate.swift */; };
		FA8E805A2396528F00793CBA /* TaskListViewController.swift in Sources */ = {isa = PBXBuildFile; fileRef = FA8E80592396528F00793CBA /* TaskListViewController.swift */; };
		FA8E805D2396528F00793CBA /* Main.storyboard in Resources */ = {isa = PBXBuildFile; fileRef = FA8E805B2396528F00793CBA /* Main.storyboard */; };
		FA8E805F2396529200793CBA /* Assets.xcassets in Resources */ = {isa = PBXBuildFile; fileRef = FA8E805E2396529200793CBA /* Assets.xcassets */; };
		FA8E80622396529200793CBA /* LaunchScreen.storyboard in Resources */ = {isa = PBXBuildFile; fileRef = FA8E80602396529200793CBA /* LaunchScreen.storyboard */; };
		FA8E806D2396529200793CBA /* ToDoApp_TDD_Tests.swift in Sources */ = {isa = PBXBuildFile; fileRef = FA8E806C2396529200793CBA /* ToDoApp_TDD_Tests.swift */; };
		FA8E80782396529200793CBA /* ToDoApp_TDD_UITests.swift in Sources */ = {isa = PBXBuildFile; fileRef = FA8E80772396529200793CBA /* ToDoApp_TDD_UITests.swift */; };
		FA8E808A239655AA00793CBA /* TaskTests.swift in Sources */ = {isa = PBXBuildFile; fileRef = FA8E8089239655AA00793CBA /* TaskTests.swift */; };
		FA8E808D239656B900793CBA /* Task.swift in Sources */ = {isa = PBXBuildFile; fileRef = FA8E808C239656B900793CBA /* Task.swift */; };
		FA8E808F2396BF1E00793CBA /* Location.swift in Sources */ = {isa = PBXBuildFile; fileRef = FA8E808E2396BF1E00793CBA /* Location.swift */; };
		FA8E80912396C04600793CBA /* Location.swift in Sources */ = {isa = PBXBuildFile; fileRef = FA8E80902396C04600793CBA /* Location.swift */; };
		FA8E80942396D76700793CBA /* TaskManagerTests.swift in Sources */ = {isa = PBXBuildFile; fileRef = FA8E80932396D76700793CBA /* TaskManagerTests.swift */; };
		FA8E80972396D7CC00793CBA /* TaskManager.swift in Sources */ = {isa = PBXBuildFile; fileRef = FA8E80962396D7CC00793CBA /* TaskManager.swift */; };
		FA8E809A2396FA1200793CBA /* TaskListViewControllerTests.swift in Sources */ = {isa = PBXBuildFile; fileRef = FA8E80992396FA1200793CBA /* TaskListViewControllerTests.swift */; };
		FA8E809C2396FF9800793CBA /* DataProvider.swift in Sources */ = {isa = PBXBuildFile; fileRef = FA8E809B2396FF9800793CBA /* DataProvider.swift */; };
		FA8E809E239702B000793CBA /* DataProviderTests.swift in Sources */ = {isa = PBXBuildFile; fileRef = FA8E809D239702B000793CBA /* DataProviderTests.swift */; };
		FA8E80A023970DF700793CBA /* TaskCell.swift in Sources */ = {isa = PBXBuildFile; fileRef = FA8E809F23970DF700793CBA /* TaskCell.swift */; };
		FA8E80A523984A0500793CBA /* TaskCellTests.swift in Sources */ = {isa = PBXBuildFile; fileRef = FA8E80A423984A0500793CBA /* TaskCellTests.swift */; };
/* End PBXBuildFile section */

/* Begin PBXContainerItemProxy section */
		FA8E80692396529200793CBA /* PBXContainerItemProxy */ = {
			isa = PBXContainerItemProxy;
			containerPortal = FA8E804A2396528F00793CBA /* Project object */;
			proxyType = 1;
			remoteGlobalIDString = FA8E80512396528F00793CBA;
			remoteInfo = "ToDoApp(TDD)";
		};
		FA8E80742396529200793CBA /* PBXContainerItemProxy */ = {
			isa = PBXContainerItemProxy;
			containerPortal = FA8E804A2396528F00793CBA /* Project object */;
			proxyType = 1;
			remoteGlobalIDString = FA8E80512396528F00793CBA;
			remoteInfo = "ToDoApp(TDD)";
		};
/* End PBXContainerItemProxy section */

/* Begin PBXFileReference section */
		FA5517682398587F00050202 /* DetailViewControllerTest.swift */ = {isa = PBXFileReference; lastKnownFileType = sourcecode.swift; path = DetailViewControllerTest.swift; sourceTree = "<group>"; };
		FA55176A2398590D00050202 /* DetailViewController.swift */ = {isa = PBXFileReference; lastKnownFileType = sourcecode.swift; path = DetailViewController.swift; sourceTree = "<group>"; };
		FA55176C23986BC900050202 /* NewTaskViewControllerTests.swift */ = {isa = PBXFileReference; lastKnownFileType = sourcecode.swift; path = NewTaskViewControllerTests.swift; sourceTree = "<group>"; };
		FA55176E23986C6200050202 /* NewTaskViewController.swift */ = {isa = PBXFileReference; lastKnownFileType = sourcecode.swift; path = NewTaskViewController.swift; sourceTree = "<group>"; };
		FA55177023992FB900050202 /* APIClientTests.swift */ = {isa = PBXFileReference; lastKnownFileType = sourcecode.swift; path = APIClientTests.swift; sourceTree = "<group>"; };
		FA5517722399373300050202 /* APIClient.swift */ = {isa = PBXFileReference; lastKnownFileType = sourcecode.swift; path = APIClient.swift; sourceTree = "<group>"; };
		FA55177523999CA200050202 /* String + Extensions.swift */ = {isa = PBXFileReference; lastKnownFileType = sourcecode.swift; path = "String + Extensions.swift"; sourceTree = "<group>"; };
		FA8E80522396528F00793CBA /* ToDoApp_TDD.app */ = {isa = PBXFileReference; explicitFileType = wrapper.application; includeInIndex = 0; path = ToDoApp_TDD.app; sourceTree = BUILT_PRODUCTS_DIR; };
		FA8E80552396528F00793CBA /* AppDelegate.swift */ = {isa = PBXFileReference; lastKnownFileType = sourcecode.swift; path = AppDelegate.swift; sourceTree = "<group>"; };
		FA8E80572396528F00793CBA /* SceneDelegate.swift */ = {isa = PBXFileReference; lastKnownFileType = sourcecode.swift; path = SceneDelegate.swift; sourceTree = "<group>"; };
		FA8E80592396528F00793CBA /* TaskListViewController.swift */ = {isa = PBXFileReference; lastKnownFileType = sourcecode.swift; path = TaskListViewController.swift; sourceTree = "<group>"; };
		FA8E805C2396528F00793CBA /* Base */ = {isa = PBXFileReference; lastKnownFileType = file.storyboard; name = Base; path = Base.lproj/Main.storyboard; sourceTree = "<group>"; };
		FA8E805E2396529200793CBA /* Assets.xcassets */ = {isa = PBXFileReference; lastKnownFileType = folder.assetcatalog; path = Assets.xcassets; sourceTree = "<group>"; };
		FA8E80612396529200793CBA /* Base */ = {isa = PBXFileReference; lastKnownFileType = file.storyboard; name = Base; path = Base.lproj/LaunchScreen.storyboard; sourceTree = "<group>"; };
		FA8E80632396529200793CBA /* Info.plist */ = {isa = PBXFileReference; lastKnownFileType = text.plist.xml; path = Info.plist; sourceTree = "<group>"; };
		FA8E80682396529200793CBA /* ToDoApp_TDDTests.xctest */ = {isa = PBXFileReference; explicitFileType = wrapper.cfbundle; includeInIndex = 0; path = ToDoApp_TDDTests.xctest; sourceTree = BUILT_PRODUCTS_DIR; };
		FA8E806C2396529200793CBA /* ToDoApp_TDD_Tests.swift */ = {isa = PBXFileReference; lastKnownFileType = sourcecode.swift; path = ToDoApp_TDD_Tests.swift; sourceTree = "<group>"; };
		FA8E806E2396529200793CBA /* Info.plist */ = {isa = PBXFileReference; lastKnownFileType = text.plist.xml; path = Info.plist; sourceTree = "<group>"; };
		FA8E80732396529200793CBA /* ToDoApp_TDDUITests.xctest */ = {isa = PBXFileReference; explicitFileType = wrapper.cfbundle; includeInIndex = 0; path = ToDoApp_TDDUITests.xctest; sourceTree = BUILT_PRODUCTS_DIR; };
		FA8E80772396529200793CBA /* ToDoApp_TDD_UITests.swift */ = {isa = PBXFileReference; lastKnownFileType = sourcecode.swift; path = ToDoApp_TDD_UITests.swift; sourceTree = "<group>"; };
		FA8E80792396529200793CBA /* Info.plist */ = {isa = PBXFileReference; lastKnownFileType = text.plist.xml; path = Info.plist; sourceTree = "<group>"; };
		FA8E8089239655AA00793CBA /* TaskTests.swift */ = {isa = PBXFileReference; lastKnownFileType = sourcecode.swift; path = TaskTests.swift; sourceTree = "<group>"; };
		FA8E808C239656B900793CBA /* Task.swift */ = {isa = PBXFileReference; lastKnownFileType = sourcecode.swift; path = Task.swift; sourceTree = "<group>"; };
		FA8E808E2396BF1E00793CBA /* Location.swift */ = {isa = PBXFileReference; lastKnownFileType = sourcecode.swift; path = Location.swift; sourceTree = "<group>"; };
		FA8E80902396C04600793CBA /* Location.swift */ = {isa = PBXFileReference; lastKnownFileType = sourcecode.swift; path = Location.swift; sourceTree = "<group>"; };
		FA8E80932396D76700793CBA /* TaskManagerTests.swift */ = {isa = PBXFileReference; lastKnownFileType = sourcecode.swift; path = TaskManagerTests.swift; sourceTree = "<group>"; };
		FA8E80962396D7CC00793CBA /* TaskManager.swift */ = {isa = PBXFileReference; lastKnownFileType = sourcecode.swift; path = TaskManager.swift; sourceTree = "<group>"; };
		FA8E80992396FA1200793CBA /* TaskListViewControllerTests.swift */ = {isa = PBXFileReference; lastKnownFileType = sourcecode.swift; path = TaskListViewControllerTests.swift; sourceTree = "<group>"; };
		FA8E809B2396FF9800793CBA /* DataProvider.swift */ = {isa = PBXFileReference; lastKnownFileType = sourcecode.swift; path = DataProvider.swift; sourceTree = "<group>"; };
		FA8E809D239702B000793CBA /* DataProviderTests.swift */ = {isa = PBXFileReference; lastKnownFileType = sourcecode.swift; path = DataProviderTests.swift; sourceTree = "<group>"; };
		FA8E809F23970DF700793CBA /* TaskCell.swift */ = {isa = PBXFileReference; lastKnownFileType = sourcecode.swift; path = TaskCell.swift; sourceTree = "<group>"; };
		FA8E80A423984A0500793CBA /* TaskCellTests.swift */ = {isa = PBXFileReference; lastKnownFileType = sourcecode.swift; path = TaskCellTests.swift; sourceTree = "<group>"; };
/* End PBXFileReference section */

/* Begin PBXFrameworksBuildPhase section */
		FA8E804F2396528F00793CBA /* Frameworks */ = {
			isa = PBXFrameworksBuildPhase;
			buildActionMask = 2147483647;
			files = (
			);
			runOnlyForDeploymentPostprocessing = 0;
		};
		FA8E80652396529200793CBA /* Frameworks */ = {
			isa = PBXFrameworksBuildPhase;
			buildActionMask = 2147483647;
			files = (
			);
			runOnlyForDeploymentPostprocessing = 0;
		};
		FA8E80702396529200793CBA /* Frameworks */ = {
			isa = PBXFrameworksBuildPhase;
			buildActionMask = 2147483647;
			files = (
			);
			runOnlyForDeploymentPostprocessing = 0;
		};
/* End PBXFrameworksBuildPhase section */

/* Begin PBXGroup section */
		FA55177423999C8C00050202 /* Extensions */ = {
			isa = PBXGroup;
			children = (
				FA55177523999CA200050202 /* String + Extensions.swift */,
			);
			path = Extensions;
			sourceTree = "<group>";
		};
		FA8E80492396528F00793CBA = {
			isa = PBXGroup;
			children = (
				FA8E80542396528F00793CBA /* ToDoApp_TDD */,
				FA8E806B2396529200793CBA /* ToDoApp(TDD)Tests */,
				FA8E80762396529200793CBA /* ToDoApp(TDD)UITests */,
				FA8E80532396528F00793CBA /* Products */,
			);
			sourceTree = "<group>";
		};
		FA8E80532396528F00793CBA /* Products */ = {
			isa = PBXGroup;
			children = (
				FA8E80522396528F00793CBA /* ToDoApp_TDD.app */,
				FA8E80682396529200793CBA /* ToDoApp_TDDTests.xctest */,
				FA8E80732396529200793CBA /* ToDoApp_TDDUITests.xctest */,
			);
			name = Products;
			sourceTree = "<group>";
		};
		FA8E80542396528F00793CBA /* ToDoApp_TDD */ = {
			isa = PBXGroup;
			children = (
				FA55177423999C8C00050202 /* Extensions */,
				FA8E80952396D7BC00793CBA /* Manager */,
				FA8E8088239653D700793CBA /* Supporting files */,
				FA8E80872396538900793CBA /* Controller */,
				FA8E80862396538300793CBA /* View */,
				FA8E80852396537400793CBA /* Model */,
			);
			path = ToDoApp_TDD;
			sourceTree = "<group>";
		};
		FA8E806B2396529200793CBA /* ToDoApp(TDD)Tests */ = {
			isa = PBXGroup;
			children = (
				FA8E80A12398492900793CBA /* View */,
				FA8E80982396F9D800793CBA /* Controller */,
				FA8E80922396D73C00793CBA /* Manager */,
				FA8E806C2396529200793CBA /* ToDoApp_TDD_Tests.swift */,
				FA8E806E2396529200793CBA /* Info.plist */,
				FA8E808B239655C900793CBA /* Model */,
			);
			path = "ToDoApp(TDD)Tests";
			sourceTree = "<group>";
		};
		FA8E80762396529200793CBA /* ToDoApp(TDD)UITests */ = {
			isa = PBXGroup;
			children = (
				FA8E80772396529200793CBA /* ToDoApp_TDD_UITests.swift */,
				FA8E80792396529200793CBA /* Info.plist */,
			);
			path = "ToDoApp(TDD)UITests";
			sourceTree = "<group>";
		};
		FA8E80852396537400793CBA /* Model */ = {
			isa = PBXGroup;
			children = (
				FA8E808C239656B900793CBA /* Task.swift */,
				FA8E808E2396BF1E00793CBA /* Location.swift */,
			);
			path = Model;
			sourceTree = "<group>";
		};
		FA8E80862396538300793CBA /* View */ = {
			isa = PBXGroup;
			children = (
				FA8E809F23970DF700793CBA /* TaskCell.swift */,
			);
			path = View;
			sourceTree = "<group>";
		};
		FA8E80872396538900793CBA /* Controller */ = {
			isa = PBXGroup;
			children = (
				FA8E80592396528F00793CBA /* TaskListViewController.swift */,
				FA8E809B2396FF9800793CBA /* DataProvider.swift */,
				FA55176A2398590D00050202 /* DetailViewController.swift */,
				FA55176E23986C6200050202 /* NewTaskViewController.swift */,
			);
			path = Controller;
			sourceTree = "<group>";
		};
		FA8E8088239653D700793CBA /* Supporting files */ = {
			isa = PBXGroup;
			children = (
				FA8E80552396528F00793CBA /* AppDelegate.swift */,
				FA8E80572396528F00793CBA /* SceneDelegate.swift */,
				FA8E805B2396528F00793CBA /* Main.storyboard */,
				FA8E805E2396529200793CBA /* Assets.xcassets */,
				FA8E80602396529200793CBA /* LaunchScreen.storyboard */,
				FA8E80632396529200793CBA /* Info.plist */,
			);
			path = "Supporting files";
			sourceTree = "<group>";
		};
		FA8E808B239655C900793CBA /* Model */ = {
			isa = PBXGroup;
			children = (
				FA8E8089239655AA00793CBA /* TaskTests.swift */,
				FA8E80902396C04600793CBA /* Location.swift */,
			);
			path = Model;
			sourceTree = "<group>";
		};
		FA8E80922396D73C00793CBA /* Manager */ = {
			isa = PBXGroup;
			children = (
				FA8E80932396D76700793CBA /* TaskManagerTests.swift */,
				FA55177023992FB900050202 /* APIClientTests.swift */,
			);
			path = Manager;
			sourceTree = "<group>";
		};
		FA8E80952396D7BC00793CBA /* Manager */ = {
			isa = PBXGroup;
			children = (
				FA8E80962396D7CC00793CBA /* TaskManager.swift */,
				FA5517722399373300050202 /* APIClient.swift */,
			);
			path = Manager;
			sourceTree = "<group>";
		};
		FA8E80982396F9D800793CBA /* Controller */ = {
			isa = PBXGroup;
			children = (
				FA8E80992396FA1200793CBA /* TaskListViewControllerTests.swift */,
				FA8E809D239702B000793CBA /* DataProviderTests.swift */,
				FA5517682398587F00050202 /* DetailViewControllerTest.swift */,
				FA55176C23986BC900050202 /* NewTaskViewControllerTests.swift */,
			);
			path = Controller;
			sourceTree = "<group>";
		};
		FA8E80A12398492900793CBA /* View */ = {
			isa = PBXGroup;
			children = (
				FA8E80A423984A0500793CBA /* TaskCellTests.swift */,
			);
			path = View;
			sourceTree = "<group>";
		};
/* End PBXGroup section */

/* Begin PBXNativeTarget section */
		FA8E80512396528F00793CBA /* ToDoApp_TDD */ = {
			isa = PBXNativeTarget;
			buildConfigurationList = FA8E807C2396529200793CBA /* Build configuration list for PBXNativeTarget "ToDoApp_TDD" */;
			buildPhases = (
				FA8E804E2396528F00793CBA /* Sources */,
				FA8E804F2396528F00793CBA /* Frameworks */,
				FA8E80502396528F00793CBA /* Resources */,
			);
			buildRules = (
			);
			dependencies = (
			);
			name = ToDoApp_TDD;
			productName = "ToDoApp(TDD)";
			productReference = FA8E80522396528F00793CBA /* ToDoApp_TDD.app */;
			productType = "com.apple.product-type.application";
		};
		FA8E80672396529200793CBA /* ToDoApp_TDDTests */ = {
			isa = PBXNativeTarget;
			buildConfigurationList = FA8E807F2396529200793CBA /* Build configuration list for PBXNativeTarget "ToDoApp_TDDTests" */;
			buildPhases = (
				FA8E80642396529200793CBA /* Sources */,
				FA8E80652396529200793CBA /* Frameworks */,
				FA8E80662396529200793CBA /* Resources */,
			);
			buildRules = (
			);
			dependencies = (
				FA8E806A2396529200793CBA /* PBXTargetDependency */,
			);
			name = ToDoApp_TDDTests;
			productName = "ToDoApp(TDD)Tests";
			productReference = FA8E80682396529200793CBA /* ToDoApp_TDDTests.xctest */;
			productType = "com.apple.product-type.bundle.unit-test";
		};
		FA8E80722396529200793CBA /* ToDoApp_TDDUITests */ = {
			isa = PBXNativeTarget;
			buildConfigurationList = FA8E80822396529200793CBA /* Build configuration list for PBXNativeTarget "ToDoApp_TDDUITests" */;
			buildPhases = (
				FA8E806F2396529200793CBA /* Sources */,
				FA8E80702396529200793CBA /* Frameworks */,
				FA8E80712396529200793CBA /* Resources */,
			);
			buildRules = (
			);
			dependencies = (
				FA8E80752396529200793CBA /* PBXTargetDependency */,
			);
			name = ToDoApp_TDDUITests;
			productName = "ToDoApp(TDD)UITests";
			productReference = FA8E80732396529200793CBA /* ToDoApp_TDDUITests.xctest */;
			productType = "com.apple.product-type.bundle.ui-testing";
		};
/* End PBXNativeTarget section */

/* Begin PBXProject section */
		FA8E804A2396528F00793CBA /* Project object */ = {
			isa = PBXProject;
			attributes = {
				LastSwiftUpdateCheck = 1120;
				LastUpgradeCheck = 1120;
				ORGANIZATIONNAME = "Big Nerd Ranch";
				TargetAttributes = {
					FA8E80512396528F00793CBA = {
						CreatedOnToolsVersion = 11.2.1;
					};
					FA8E80672396529200793CBA = {
						CreatedOnToolsVersion = 11.2.1;
						TestTargetID = FA8E80512396528F00793CBA;
					};
					FA8E80722396529200793CBA = {
						CreatedOnToolsVersion = 11.2.1;
						TestTargetID = FA8E80512396528F00793CBA;
					};
				};
			};
			buildConfigurationList = FA8E804D2396528F00793CBA /* Build configuration list for PBXProject "ToDoApp_TDD" */;
			compatibilityVersion = "Xcode 9.3";
			developmentRegion = en;
			hasScannedForEncodings = 0;
			knownRegions = (
				en,
				Base,
			);
			mainGroup = FA8E80492396528F00793CBA;
			productRefGroup = FA8E80532396528F00793CBA /* Products */;
			projectDirPath = "";
			projectRoot = "";
			targets = (
				FA8E80512396528F00793CBA /* ToDoApp_TDD */,
				FA8E80672396529200793CBA /* ToDoApp_TDDTests */,
				FA8E80722396529200793CBA /* ToDoApp_TDDUITests */,
			);
		};
/* End PBXProject section */

/* Begin PBXResourcesBuildPhase section */
		FA8E80502396528F00793CBA /* Resources */ = {
			isa = PBXResourcesBuildPhase;
			buildActionMask = 2147483647;
			files = (
				FA8E80622396529200793CBA /* LaunchScreen.storyboard in Resources */,
				FA8E805F2396529200793CBA /* Assets.xcassets in Resources */,
				FA8E805D2396528F00793CBA /* Main.storyboard in Resources */,
			);
			runOnlyForDeploymentPostprocessing = 0;
		};
		FA8E80662396529200793CBA /* Resources */ = {
			isa = PBXResourcesBuildPhase;
			buildActionMask = 2147483647;
			files = (
			);
			runOnlyForDeploymentPostprocessing = 0;
		};
		FA8E80712396529200793CBA /* Resources */ = {
			isa = PBXResourcesBuildPhase;
			buildActionMask = 2147483647;
			files = (
			);
			runOnlyForDeploymentPostprocessing = 0;
		};
/* End PBXResourcesBuildPhase section */

/* Begin PBXSourcesBuildPhase section */
		FA8E804E2396528F00793CBA /* Sources */ = {
			isa = PBXSourcesBuildPhase;
			buildActionMask = 2147483647;
			files = (
				FA8E80972396D7CC00793CBA /* TaskManager.swift in Sources */,
				FA8E808D239656B900793CBA /* Task.swift in Sources */,
				FA8E805A2396528F00793CBA /* TaskListViewController.swift in Sources */,
				FA8E809C2396FF9800793CBA /* DataProvider.swift in Sources */,
				FA8E80A023970DF700793CBA /* TaskCell.swift in Sources */,
				FA5517732399373300050202 /* APIClient.swift in Sources */,
				FA8E808F2396BF1E00793CBA /* Location.swift in Sources */,
				FA55176F23986C6200050202 /* NewTaskViewController.swift in Sources */,
				FA8E80562396528F00793CBA /* AppDelegate.swift in Sources */,
				FA8E80582396528F00793CBA /* SceneDelegate.swift in Sources */,
				FA55177623999CA200050202 /* String + Extensions.swift in Sources */,
				FA55176B2398590D00050202 /* DetailViewController.swift in Sources */,
			);
			runOnlyForDeploymentPostprocessing = 0;
		};
		FA8E80642396529200793CBA /* Sources */ = {
			isa = PBXSourcesBuildPhase;
			buildActionMask = 2147483647;
			files = (
				FA8E808A239655AA00793CBA /* TaskTests.swift in Sources */,
				FA8E80912396C04600793CBA /* Location.swift in Sources */,
				FA8E80A523984A0500793CBA /* TaskCellTests.swift in Sources */,
				FA55177123992FB900050202 /* APIClientTests.swift in Sources */,
				FA55176D23986BC900050202 /* NewTaskViewControllerTests.swift in Sources */,
				FA5517692398587F00050202 /* DetailViewControllerTest.swift in Sources */,
				FA8E809E239702B000793CBA /* DataProviderTests.swift in Sources */,
				FA8E80942396D76700793CBA /* TaskManagerTests.swift in Sources */,
				FA8E809A2396FA1200793CBA /* TaskListViewControllerTests.swift in Sources */,
				FA8E806D2396529200793CBA /* ToDoApp_TDD_Tests.swift in Sources */,
			);
			runOnlyForDeploymentPostprocessing = 0;
		};
		FA8E806F2396529200793CBA /* Sources */ = {
			isa = PBXSourcesBuildPhase;
			buildActionMask = 2147483647;
			files = (
				FA8E80782396529200793CBA /* ToDoApp_TDD_UITests.swift in Sources */,
			);
			runOnlyForDeploymentPostprocessing = 0;
		};
/* End PBXSourcesBuildPhase section */

/* Begin PBXTargetDependency section */
		FA8E806A2396529200793CBA /* PBXTargetDependency */ = {
			isa = PBXTargetDependency;
			target = FA8E80512396528F00793CBA /* ToDoApp_TDD */;
			targetProxy = FA8E80692396529200793CBA /* PBXContainerItemProxy */;
		};
		FA8E80752396529200793CBA /* PBXTargetDependency */ = {
			isa = PBXTargetDependency;
			target = FA8E80512396528F00793CBA /* ToDoApp_TDD */;
			targetProxy = FA8E80742396529200793CBA /* PBXContainerItemProxy */;
		};
/* End PBXTargetDependency section */

/* Begin PBXVariantGroup section */
		FA8E805B2396528F00793CBA /* Main.storyboard */ = {
			isa = PBXVariantGroup;
			children = (
				FA8E805C2396528F00793CBA /* Base */,
			);
			name = Main.storyboard;
			sourceTree = "<group>";
		};
		FA8E80602396529200793CBA /* LaunchScreen.storyboard */ = {
			isa = PBXVariantGroup;
			children = (
				FA8E80612396529200793CBA /* Base */,
			);
			name = LaunchScreen.storyboard;
			sourceTree = "<group>";
		};
/* End PBXVariantGroup section */

/* Begin XCBuildConfiguration section */
		FA8E807A2396529200793CBA /* Debug */ = {
			isa = XCBuildConfiguration;
			buildSettings = {
				ALWAYS_SEARCH_USER_PATHS = NO;
				CLANG_ANALYZER_NONNULL = YES;
				CLANG_ANALYZER_NUMBER_OBJECT_CONVERSION = YES_AGGRESSIVE;
				CLANG_CXX_LANGUAGE_STANDARD = "gnu++14";
				CLANG_CXX_LIBRARY = "libc++";
				CLANG_ENABLE_MODULES = YES;
				CLANG_ENABLE_OBJC_ARC = YES;
				CLANG_ENABLE_OBJC_WEAK = YES;
				CLANG_WARN_BLOCK_CAPTURE_AUTORELEASING = YES;
				CLANG_WARN_BOOL_CONVERSION = YES;
				CLANG_WARN_COMMA = YES;
				CLANG_WARN_CONSTANT_CONVERSION = YES;
				CLANG_WARN_DEPRECATED_OBJC_IMPLEMENTATIONS = YES;
				CLANG_WARN_DIRECT_OBJC_ISA_USAGE = YES_ERROR;
				CLANG_WARN_DOCUMENTATION_COMMENTS = YES;
				CLANG_WARN_EMPTY_BODY = YES;
				CLANG_WARN_ENUM_CONVERSION = YES;
				CLANG_WARN_INFINITE_RECURSION = YES;
				CLANG_WARN_INT_CONVERSION = YES;
				CLANG_WARN_NON_LITERAL_NULL_CONVERSION = YES;
				CLANG_WARN_OBJC_IMPLICIT_RETAIN_SELF = YES;
				CLANG_WARN_OBJC_LITERAL_CONVERSION = YES;
				CLANG_WARN_OBJC_ROOT_CLASS = YES_ERROR;
				CLANG_WARN_RANGE_LOOP_ANALYSIS = YES;
				CLANG_WARN_STRICT_PROTOTYPES = YES;
				CLANG_WARN_SUSPICIOUS_MOVE = YES;
				CLANG_WARN_UNGUARDED_AVAILABILITY = YES_AGGRESSIVE;
				CLANG_WARN_UNREACHABLE_CODE = YES;
				CLANG_WARN__DUPLICATE_METHOD_MATCH = YES;
				COPY_PHASE_STRIP = NO;
				DEBUG_INFORMATION_FORMAT = dwarf;
				ENABLE_STRICT_OBJC_MSGSEND = YES;
				ENABLE_TESTABILITY = YES;
				GCC_C_LANGUAGE_STANDARD = gnu11;
				GCC_DYNAMIC_NO_PIC = NO;
				GCC_NO_COMMON_BLOCKS = YES;
				GCC_OPTIMIZATION_LEVEL = 0;
				GCC_PREPROCESSOR_DEFINITIONS = (
					"DEBUG=1",
					"$(inherited)",
				);
				GCC_WARN_64_TO_32_BIT_CONVERSION = YES;
				GCC_WARN_ABOUT_RETURN_TYPE = YES_ERROR;
				GCC_WARN_UNDECLARED_SELECTOR = YES;
				GCC_WARN_UNINITIALIZED_AUTOS = YES_AGGRESSIVE;
				GCC_WARN_UNUSED_FUNCTION = YES;
				GCC_WARN_UNUSED_VARIABLE = YES;
				IPHONEOS_DEPLOYMENT_TARGET = 13.2;
				MTL_ENABLE_DEBUG_INFO = INCLUDE_SOURCE;
				MTL_FAST_MATH = YES;
				ONLY_ACTIVE_ARCH = YES;
				SDKROOT = iphoneos;
				SWIFT_ACTIVE_COMPILATION_CONDITIONS = DEBUG;
				SWIFT_OPTIMIZATION_LEVEL = "-Onone";
			};
			name = Debug;
		};
		FA8E807B2396529200793CBA /* Release */ = {
			isa = XCBuildConfiguration;
			buildSettings = {
				ALWAYS_SEARCH_USER_PATHS = NO;
				CLANG_ANALYZER_NONNULL = YES;
				CLANG_ANALYZER_NUMBER_OBJECT_CONVERSION = YES_AGGRESSIVE;
				CLANG_CXX_LANGUAGE_STANDARD = "gnu++14";
				CLANG_CXX_LIBRARY = "libc++";
				CLANG_ENABLE_MODULES = YES;
				CLANG_ENABLE_OBJC_ARC = YES;
				CLANG_ENABLE_OBJC_WEAK = YES;
				CLANG_WARN_BLOCK_CAPTURE_AUTORELEASING = YES;
				CLANG_WARN_BOOL_CONVERSION = YES;
				CLANG_WARN_COMMA = YES;
				CLANG_WARN_CONSTANT_CONVERSION = YES;
				CLANG_WARN_DEPRECATED_OBJC_IMPLEMENTATIONS = YES;
				CLANG_WARN_DIRECT_OBJC_ISA_USAGE = YES_ERROR;
				CLANG_WARN_DOCUMENTATION_COMMENTS = YES;
				CLANG_WARN_EMPTY_BODY = YES;
				CLANG_WARN_ENUM_CONVERSION = YES;
				CLANG_WARN_INFINITE_RECURSION = YES;
				CLANG_WARN_INT_CONVERSION = YES;
				CLANG_WARN_NON_LITERAL_NULL_CONVERSION = YES;
				CLANG_WARN_OBJC_IMPLICIT_RETAIN_SELF = YES;
				CLANG_WARN_OBJC_LITERAL_CONVERSION = YES;
				CLANG_WARN_OBJC_ROOT_CLASS = YES_ERROR;
				CLANG_WARN_RANGE_LOOP_ANALYSIS = YES;
				CLANG_WARN_STRICT_PROTOTYPES = YES;
				CLANG_WARN_SUSPICIOUS_MOVE = YES;
				CLANG_WARN_UNGUARDED_AVAILABILITY = YES_AGGRESSIVE;
				CLANG_WARN_UNREACHABLE_CODE = YES;
				CLANG_WARN__DUPLICATE_METHOD_MATCH = YES;
				COPY_PHASE_STRIP = NO;
				DEBUG_INFORMATION_FORMAT = "dwarf-with-dsym";
				ENABLE_NS_ASSERTIONS = NO;
				ENABLE_STRICT_OBJC_MSGSEND = YES;
				GCC_C_LANGUAGE_STANDARD = gnu11;
				GCC_NO_COMMON_BLOCKS = YES;
				GCC_WARN_64_TO_32_BIT_CONVERSION = YES;
				GCC_WARN_ABOUT_RETURN_TYPE = YES_ERROR;
				GCC_WARN_UNDECLARED_SELECTOR = YES;
				GCC_WARN_UNINITIALIZED_AUTOS = YES_AGGRESSIVE;
				GCC_WARN_UNUSED_FUNCTION = YES;
				GCC_WARN_UNUSED_VARIABLE = YES;
				IPHONEOS_DEPLOYMENT_TARGET = 13.2;
				MTL_ENABLE_DEBUG_INFO = NO;
				MTL_FAST_MATH = YES;
				SDKROOT = iphoneos;
				SWIFT_COMPILATION_MODE = wholemodule;
				SWIFT_OPTIMIZATION_LEVEL = "-O";
				VALIDATE_PRODUCT = YES;
			};
			name = Release;
		};
		FA8E807D2396529200793CBA /* Debug */ = {
			isa = XCBuildConfiguration;
			buildSettings = {
				ASSETCATALOG_COMPILER_APPICON_NAME = AppIcon;
				CODE_SIGN_STYLE = Automatic;
				DEVELOPMENT_TEAM = AGN42K77RS;
				INFOPLIST_FILE = "ToDoApp_TDD/Supporting files/Info.plist";
				LD_RUNPATH_SEARCH_PATHS = (
					"$(inherited)",
					"@executable_path/Frameworks",
				);
				PRODUCT_BUNDLE_IDENTIFIER = "com.bignerdranch.ToDoApp-TDD-";
				PRODUCT_NAME = ToDoApp_TDD;
				SWIFT_VERSION = 5.0;
				TARGETED_DEVICE_FAMILY = "1,2";
			};
			name = Debug;
		};
		FA8E807E2396529200793CBA /* Release */ = {
			isa = XCBuildConfiguration;
			buildSettings = {
				ASSETCATALOG_COMPILER_APPICON_NAME = AppIcon;
				CODE_SIGN_STYLE = Automatic;
				DEVELOPMENT_TEAM = AGN42K77RS;
				INFOPLIST_FILE = "ToDoApp_TDD/Supporting files/Info.plist";
				LD_RUNPATH_SEARCH_PATHS = (
					"$(inherited)",
					"@executable_path/Frameworks",
				);
				PRODUCT_BUNDLE_IDENTIFIER = "com.bignerdranch.ToDoApp-TDD-";
				PRODUCT_NAME = ToDoApp_TDD;
				SWIFT_VERSION = 5.0;
				TARGETED_DEVICE_FAMILY = "1,2";
			};
			name = Release;
		};
		FA8E80802396529200793CBA /* Debug */ = {
			isa = XCBuildConfiguration;
			buildSettings = {
				ALWAYS_EMBED_SWIFT_STANDARD_LIBRARIES = YES;
				BUNDLE_LOADER = "$(TEST_HOST)";
				CODE_SIGN_STYLE = Automatic;
				DEVELOPMENT_TEAM = AGN42K77RS;
				INFOPLIST_FILE = "ToDoApp(TDD)Tests/Info.plist";
				IPHONEOS_DEPLOYMENT_TARGET = 13.2;
				LD_RUNPATH_SEARCH_PATHS = (
					"$(inherited)",
					"@executable_path/Frameworks",
					"@loader_path/Frameworks",
				);
				PRODUCT_BUNDLE_IDENTIFIER = "com.bignerdranch.ToDoApp-TDD-Tests";
				PRODUCT_NAME = "$(TARGET_NAME)";
				SWIFT_VERSION = 5.0;
				TARGETED_DEVICE_FAMILY = "1,2";
				TEST_HOST = "$(BUILT_PRODUCTS_DIR)/ToDoApp_TDD.app/ToDoApp_TDD";
			};
			name = Debug;
		};
		FA8E80812396529200793CBA /* Release */ = {
			isa = XCBuildConfiguration;
			buildSettings = {
				ALWAYS_EMBED_SWIFT_STANDARD_LIBRARIES = YES;
				BUNDLE_LOADER = "$(TEST_HOST)";
				CODE_SIGN_STYLE = Automatic;
				DEVELOPMENT_TEAM = AGN42K77RS;
				INFOPLIST_FILE = "ToDoApp(TDD)Tests/Info.plist";
				IPHONEOS_DEPLOYMENT_TARGET = 13.2;
				LD_RUNPATH_SEARCH_PATHS = (
					"$(inherited)",
					"@executable_path/Frameworks",
					"@loader_path/Frameworks",
				);
				PRODUCT_BUNDLE_IDENTIFIER = "com.bignerdranch.ToDoApp-TDD-Tests";
				PRODUCT_NAME = "$(TARGET_NAME)";
				SWIFT_VERSION = 5.0;
				TARGETED_DEVICE_FAMILY = "1,2";
				TEST_HOST = "$(BUILT_PRODUCTS_DIR)/ToDoApp_TDD.app/ToDoApp_TDD";
			};
			name = Release;
		};
		FA8E80832396529200793CBA /* Debug */ = {
			isa = XCBuildConfiguration;
			buildSettings = {
				ALWAYS_EMBED_SWIFT_STANDARD_LIBRARIES = YES;
				CODE_SIGN_STYLE = Automatic;
				DEVELOPMENT_TEAM = AGN42K77RS;
				INFOPLIST_FILE = "ToDoApp(TDD)Tests/Info.plist";
				LD_RUNPATH_SEARCH_PATHS = (
					"$(inherited)",
					"@executable_path/Frameworks",
					"@loader_path/Frameworks",
				);
				PRODUCT_BUNDLE_IDENTIFIER = "com.bignerdranch.ToDoApp-TDD-UITests";
				PRODUCT_NAME = "$(TARGET_NAME)";
				PROVISIONING_PROFILE = "";
				SWIFT_VERSION = 5.0;
				TARGETED_DEVICE_FAMILY = "1,2";
				TEST_TARGET_NAME = ToDoApp_TDD;
			};
			name = Debug;
		};
		FA8E80842396529200793CBA /* Release */ = {
			isa = XCBuildConfiguration;
			buildSettings = {
				ALWAYS_EMBED_SWIFT_STANDARD_LIBRARIES = YES;
				CODE_SIGN_STYLE = Automatic;
				DEVELOPMENT_TEAM = AGN42K77RS;
				INFOPLIST_FILE = "ToDoApp(TDD)Tests/Info.plist";
				LD_RUNPATH_SEARCH_PATHS = (
					"$(inherited)",
					"@executable_path/Frameworks",
					"@loader_path/Frameworks",
				);
				PRODUCT_BUNDLE_IDENTIFIER = "com.bignerdranch.ToDoApp-TDD-UITests";
				PRODUCT_NAME = "$(TARGET_NAME)";
				PROVISIONING_PROFILE = "";
				SWIFT_VERSION = 5.0;
				TARGETED_DEVICE_FAMILY = "1,2";
				TEST_TARGET_NAME = ToDoApp_TDD;
			};
			name = Release;
		};
/* End XCBuildConfiguration section */

/* Begin XCConfigurationList section */
		FA8E804D2396528F00793CBA /* Build configuration list for PBXProject "ToDoApp_TDD" */ = {
			isa = XCConfigurationList;
			buildConfigurations = (
				FA8E807A2396529200793CBA /* Debug */,
				FA8E807B2396529200793CBA /* Release */,
			);
			defaultConfigurationIsVisible = 0;
			defaultConfigurationName = Release;
		};
		FA8E807C2396529200793CBA /* Build configuration list for PBXNativeTarget "ToDoApp_TDD" */ = {
			isa = XCConfigurationList;
			buildConfigurations = (
				FA8E807D2396529200793CBA /* Debug */,
				FA8E807E2396529200793CBA /* Release */,
			);
			defaultConfigurationIsVisible = 0;
			defaultConfigurationName = Release;
		};
		FA8E807F2396529200793CBA /* Build configuration list for PBXNativeTarget "ToDoApp_TDDTests" */ = {
			isa = XCConfigurationList;
			buildConfigurations = (
				FA8E80802396529200793CBA /* Debug */,
				FA8E80812396529200793CBA /* Release */,
			);
			defaultConfigurationIsVisible = 0;
			defaultConfigurationName = Release;
		};
		FA8E80822396529200793CBA /* Build configuration list for PBXNativeTarget "ToDoApp_TDDUITests" */ = {
			isa = XCConfigurationList;
			buildConfigurations = (
				FA8E80832396529200793CBA /* Debug */,
				FA8E80842396529200793CBA /* Release */,
			);
			defaultConfigurationIsVisible = 0;
			defaultConfigurationName = Release;
		};
/* End XCConfigurationList section */
	};
	rootObject = FA8E804A2396528F00793CBA /* Project object */;
}
